// !$*UTF8*$!
{
	archiveVersion = 1;
	classes = {
	};
	objectVersion = 51;
	objects = {

/* Begin PBXBuildFile section */
		0C962EEA53B0C1B31D2EAD04 /* Pods_TravelstartHW.framework in Frameworks */ = {isa = PBXBuildFile; fileRef = EF3FEDEE3AA01B9F0FBCAE18 /* Pods_TravelstartHW.framework */; };
		C50D44F07E40F9B04BA95DDA /* Pods_TravelstartHWTests.framework in Frameworks */ = {isa = PBXBuildFile; fileRef = 52A2BE60259425190036C1CE /* Pods_TravelstartHWTests.framework */; };
		DB0343262371C5C000E40C9D /* TouristCollectionViewCell.swift in Sources */ = {isa = PBXBuildFile; fileRef = DB0343252371C5C000E40C9D /* TouristCollectionViewCell.swift */; };
		DB054708236AEAC500BCE512 /* AppDelegate.swift in Sources */ = {isa = PBXBuildFile; fileRef = DB054707236AEAC500BCE512 /* AppDelegate.swift */; };
		DB05470A236AEAC500BCE512 /* SceneDelegate.swift in Sources */ = {isa = PBXBuildFile; fileRef = DB054709236AEAC500BCE512 /* SceneDelegate.swift */; };
		DB054711236AEAC600BCE512 /* Assets.xcassets in Resources */ = {isa = PBXBuildFile; fileRef = DB054710236AEAC600BCE512 /* Assets.xcassets */; };
		DB054714236AEAC600BCE512 /* LaunchScreen.storyboard in Resources */ = {isa = PBXBuildFile; fileRef = DB054712236AEAC600BCE512 /* LaunchScreen.storyboard */; };
		DB05471F236AEAC600BCE512 /* TravelstartHWTests.swift in Sources */ = {isa = PBXBuildFile; fileRef = DB05471E236AEAC600BCE512 /* TravelstartHWTests.swift */; };
		DB05472A236AEAC600BCE512 /* TravelstartHWUITests.swift in Sources */ = {isa = PBXBuildFile; fileRef = DB054729236AEAC600BCE512 /* TravelstartHWUITests.swift */; };
		DB507C72236C1E3C0058DB45 /* HTTPClient.swift in Sources */ = {isa = PBXBuildFile; fileRef = DB507C71236C1E3C0058DB45 /* HTTPClient.swift */; };
		DB507C77236C1F8C0058DB45 /* Main.storyboard in Resources */ = {isa = PBXBuildFile; fileRef = DB507C76236C1F8C0058DB45 /* Main.storyboard */; };
		DB507C79236C1FB40058DB45 /* MainPageViewController.swift in Sources */ = {isa = PBXBuildFile; fileRef = DB507C78236C1FB40058DB45 /* MainPageViewController.swift */; };
		DB507C7E236C21DE0058DB45 /* Bundel+Extension.swift in Sources */ = {isa = PBXBuildFile; fileRef = DB507C7D236C21DE0058DB45 /* Bundel+Extension.swift */; };
		DB507C82236C24DF0058DB45 /* TSConstant.swift in Sources */ = {isa = PBXBuildFile; fileRef = DB507C81236C24DF0058DB45 /* TSConstant.swift */; };
		DB507C85236C27B60058DB45 /* UserRequest.swift in Sources */ = {isa = PBXBuildFile; fileRef = DB507C84236C27B60058DB45 /* UserRequest.swift */; };
		DB507C88236C38330058DB45 /* JSONObject.swift in Sources */ = {isa = PBXBuildFile; fileRef = DB507C87236C38330058DB45 /* JSONObject.swift */; };
		DB507C8B236F0A490058DB45 /* Reachability.m in Sources */ = {isa = PBXBuildFile; fileRef = DB507C8A236F0A490058DB45 /* Reachability.m */; };
		DB507C8F236FEB280058DB45 /* TouristTableViewCell.xib in Resources */ = {isa = PBXBuildFile; fileRef = DB507C8E236FEB280058DB45 /* TouristTableViewCell.xib */; };
		DB507C91236FEB450058DB45 /* TouristTableViewCell.swift in Sources */ = {isa = PBXBuildFile; fileRef = DB507C90236FEB450058DB45 /* TouristTableViewCell.swift */; };
		DB507C93236FECA10058DB45 /* UITableView+Extension.swift in Sources */ = {isa = PBXBuildFile; fileRef = DB507C92236FECA10058DB45 /* UITableView+Extension.swift */; };
		DB507C95236FF4770058DB45 /* UIColor+Extension.swift in Sources */ = {isa = PBXBuildFile; fileRef = DB507C94236FF4770058DB45 /* UIColor+Extension.swift */; };
		F685725E6EE809DE096E365D /* Pods_TravelstartHW_TravelstartHWUITests.framework in Frameworks */ = {isa = PBXBuildFile; fileRef = C9D7D873D82FDA789B92C7A9 /* Pods_TravelstartHW_TravelstartHWUITests.framework */; };
/* End PBXBuildFile section */

/* Begin PBXContainerItemProxy section */
		DB05471B236AEAC600BCE512 /* PBXContainerItemProxy */ = {
			isa = PBXContainerItemProxy;
			containerPortal = DB0546FC236AEAC500BCE512 /* Project object */;
			proxyType = 1;
			remoteGlobalIDString = DB054703236AEAC500BCE512;
			remoteInfo = TravelstartHW;
		};
		DB054726236AEAC600BCE512 /* PBXContainerItemProxy */ = {
			isa = PBXContainerItemProxy;
			containerPortal = DB0546FC236AEAC500BCE512 /* Project object */;
			proxyType = 1;
			remoteGlobalIDString = DB054703236AEAC500BCE512;
			remoteInfo = TravelstartHW;
		};
/* End PBXContainerItemProxy section */

/* Begin PBXFileReference section */
		2E9F9591E1CD393BFB37CEE8 /* Pods-TravelstartHW.release.xcconfig */ = {isa = PBXFileReference; includeInIndex = 1; lastKnownFileType = text.xcconfig; name = "Pods-TravelstartHW.release.xcconfig"; path = "Target Support Files/Pods-TravelstartHW/Pods-TravelstartHW.release.xcconfig"; sourceTree = "<group>"; };
		52A2BE60259425190036C1CE /* Pods_TravelstartHWTests.framework */ = {isa = PBXFileReference; explicitFileType = wrapper.framework; includeInIndex = 0; path = Pods_TravelstartHWTests.framework; sourceTree = BUILT_PRODUCTS_DIR; };
		818EA8B972028096E95CF743 /* Pods-TravelstartHW-TravelstartHWUITests.release.xcconfig */ = {isa = PBXFileReference; includeInIndex = 1; lastKnownFileType = text.xcconfig; name = "Pods-TravelstartHW-TravelstartHWUITests.release.xcconfig"; path = "Target Support Files/Pods-TravelstartHW-TravelstartHWUITests/Pods-TravelstartHW-TravelstartHWUITests.release.xcconfig"; sourceTree = "<group>"; };
		A242E08AA4B36E70A0F7330E /* Pods-TravelstartHWTests.release.xcconfig */ = {isa = PBXFileReference; includeInIndex = 1; lastKnownFileType = text.xcconfig; name = "Pods-TravelstartHWTests.release.xcconfig"; path = "Target Support Files/Pods-TravelstartHWTests/Pods-TravelstartHWTests.release.xcconfig"; sourceTree = "<group>"; };
		AC1D9368BCF4C52D1567B9A1 /* Pods-TravelstartHW.debug.xcconfig */ = {isa = PBXFileReference; includeInIndex = 1; lastKnownFileType = text.xcconfig; name = "Pods-TravelstartHW.debug.xcconfig"; path = "Target Support Files/Pods-TravelstartHW/Pods-TravelstartHW.debug.xcconfig"; sourceTree = "<group>"; };
		C9D7D873D82FDA789B92C7A9 /* Pods_TravelstartHW_TravelstartHWUITests.framework */ = {isa = PBXFileReference; explicitFileType = wrapper.framework; includeInIndex = 0; path = Pods_TravelstartHW_TravelstartHWUITests.framework; sourceTree = BUILT_PRODUCTS_DIR; };
		DB0343252371C5C000E40C9D /* TouristCollectionViewCell.swift */ = {isa = PBXFileReference; lastKnownFileType = sourcecode.swift; path = TouristCollectionViewCell.swift; sourceTree = "<group>"; };
		DB054704236AEAC500BCE512 /* TravelstartHW.app */ = {isa = PBXFileReference; explicitFileType = wrapper.application; includeInIndex = 0; path = TravelstartHW.app; sourceTree = BUILT_PRODUCTS_DIR; };
		DB054707236AEAC500BCE512 /* AppDelegate.swift */ = {isa = PBXFileReference; lastKnownFileType = sourcecode.swift; path = AppDelegate.swift; sourceTree = "<group>"; };
		DB054709236AEAC500BCE512 /* SceneDelegate.swift */ = {isa = PBXFileReference; lastKnownFileType = sourcecode.swift; path = SceneDelegate.swift; sourceTree = "<group>"; };
		DB054710236AEAC600BCE512 /* Assets.xcassets */ = {isa = PBXFileReference; lastKnownFileType = folder.assetcatalog; path = Assets.xcassets; sourceTree = "<group>"; };
		DB054713236AEAC600BCE512 /* Base */ = {isa = PBXFileReference; lastKnownFileType = file.storyboard; name = Base; path = Base.lproj/LaunchScreen.storyboard; sourceTree = "<group>"; };
		DB054715236AEAC600BCE512 /* Info.plist */ = {isa = PBXFileReference; lastKnownFileType = text.plist.xml; path = Info.plist; sourceTree = "<group>"; };
		DB05471A236AEAC600BCE512 /* TravelstartHWTests.xctest */ = {isa = PBXFileReference; explicitFileType = wrapper.cfbundle; includeInIndex = 0; path = TravelstartHWTests.xctest; sourceTree = BUILT_PRODUCTS_DIR; };
		DB05471E236AEAC600BCE512 /* TravelstartHWTests.swift */ = {isa = PBXFileReference; lastKnownFileType = sourcecode.swift; path = TravelstartHWTests.swift; sourceTree = "<group>"; };
		DB054720236AEAC600BCE512 /* Info.plist */ = {isa = PBXFileReference; lastKnownFileType = text.plist.xml; path = Info.plist; sourceTree = "<group>"; };
		DB054725236AEAC600BCE512 /* TravelstartHWUITests.xctest */ = {isa = PBXFileReference; explicitFileType = wrapper.cfbundle; includeInIndex = 0; path = TravelstartHWUITests.xctest; sourceTree = BUILT_PRODUCTS_DIR; };
		DB054729236AEAC600BCE512 /* TravelstartHWUITests.swift */ = {isa = PBXFileReference; lastKnownFileType = sourcecode.swift; path = TravelstartHWUITests.swift; sourceTree = "<group>"; };
		DB05472B236AEAC600BCE512 /* Info.plist */ = {isa = PBXFileReference; lastKnownFileType = text.plist.xml; path = Info.plist; sourceTree = "<group>"; };
		DB507C71236C1E3C0058DB45 /* HTTPClient.swift */ = {isa = PBXFileReference; lastKnownFileType = sourcecode.swift; path = HTTPClient.swift; sourceTree = "<group>"; };
		DB507C76236C1F8C0058DB45 /* Main.storyboard */ = {isa = PBXFileReference; lastKnownFileType = file.storyboard; path = Main.storyboard; sourceTree = "<group>"; };
		DB507C78236C1FB40058DB45 /* MainPageViewController.swift */ = {isa = PBXFileReference; lastKnownFileType = sourcecode.swift; path = MainPageViewController.swift; sourceTree = "<group>"; };
		DB507C7D236C21DE0058DB45 /* Bundel+Extension.swift */ = {isa = PBXFileReference; lastKnownFileType = sourcecode.swift; path = "Bundel+Extension.swift"; sourceTree = "<group>"; };
		DB507C81236C24DF0058DB45 /* TSConstant.swift */ = {isa = PBXFileReference; lastKnownFileType = sourcecode.swift; path = TSConstant.swift; sourceTree = "<group>"; };
		DB507C84236C27B60058DB45 /* UserRequest.swift */ = {isa = PBXFileReference; lastKnownFileType = sourcecode.swift; path = UserRequest.swift; sourceTree = "<group>"; };
		DB507C87236C38330058DB45 /* JSONObject.swift */ = {isa = PBXFileReference; lastKnownFileType = sourcecode.swift; path = JSONObject.swift; sourceTree = "<group>"; };
		DB507C89236F0A480058DB45 /* TravelstartHW-Bridging-Header.h */ = {isa = PBXFileReference; lastKnownFileType = sourcecode.c.h; path = "TravelstartHW-Bridging-Header.h"; sourceTree = "<group>"; };
		DB507C8A236F0A490058DB45 /* Reachability.m */ = {isa = PBXFileReference; fileEncoding = 4; lastKnownFileType = sourcecode.c.objc; path = Reachability.m; sourceTree = "<group>"; };
		DB507C8C236F0A520058DB45 /* Reachability.h */ = {isa = PBXFileReference; lastKnownFileType = sourcecode.c.h; path = Reachability.h; sourceTree = "<group>"; };
		DB507C8E236FEB280058DB45 /* TouristTableViewCell.xib */ = {isa = PBXFileReference; lastKnownFileType = file.xib; path = TouristTableViewCell.xib; sourceTree = "<group>"; };
		DB507C90236FEB450058DB45 /* TouristTableViewCell.swift */ = {isa = PBXFileReference; lastKnownFileType = sourcecode.swift; path = TouristTableViewCell.swift; sourceTree = "<group>"; };
		DB507C92236FECA10058DB45 /* UITableView+Extension.swift */ = {isa = PBXFileReference; lastKnownFileType = sourcecode.swift; path = "UITableView+Extension.swift"; sourceTree = "<group>"; };
		DB507C94236FF4770058DB45 /* UIColor+Extension.swift */ = {isa = PBXFileReference; lastKnownFileType = sourcecode.swift; path = "UIColor+Extension.swift"; sourceTree = "<group>"; };
		DFA099034825F46B33F4AC08 /* Pods-TravelstartHW-TravelstartHWUITests.debug.xcconfig */ = {isa = PBXFileReference; includeInIndex = 1; lastKnownFileType = text.xcconfig; name = "Pods-TravelstartHW-TravelstartHWUITests.debug.xcconfig"; path = "Target Support Files/Pods-TravelstartHW-TravelstartHWUITests/Pods-TravelstartHW-TravelstartHWUITests.debug.xcconfig"; sourceTree = "<group>"; };
		EF3FEDEE3AA01B9F0FBCAE18 /* Pods_TravelstartHW.framework */ = {isa = PBXFileReference; explicitFileType = wrapper.framework; includeInIndex = 0; path = Pods_TravelstartHW.framework; sourceTree = BUILT_PRODUCTS_DIR; };
		FCCB9F6920DB7D74BE11A483 /* Pods-TravelstartHWTests.debug.xcconfig */ = {isa = PBXFileReference; includeInIndex = 1; lastKnownFileType = text.xcconfig; name = "Pods-TravelstartHWTests.debug.xcconfig"; path = "Target Support Files/Pods-TravelstartHWTests/Pods-TravelstartHWTests.debug.xcconfig"; sourceTree = "<group>"; };
/* End PBXFileReference section */

/* Begin PBXFrameworksBuildPhase section */
		DB054701236AEAC500BCE512 /* Frameworks */ = {
			isa = PBXFrameworksBuildPhase;
			buildActionMask = 2147483647;
			files = (
				0C962EEA53B0C1B31D2EAD04 /* Pods_TravelstartHW.framework in Frameworks */,
			);
			runOnlyForDeploymentPostprocessing = 0;
		};
		DB054717236AEAC600BCE512 /* Frameworks */ = {
			isa = PBXFrameworksBuildPhase;
			buildActionMask = 2147483647;
			files = (
				C50D44F07E40F9B04BA95DDA /* Pods_TravelstartHWTests.framework in Frameworks */,
			);
			runOnlyForDeploymentPostprocessing = 0;
		};
		DB054722236AEAC600BCE512 /* Frameworks */ = {
			isa = PBXFrameworksBuildPhase;
			buildActionMask = 2147483647;
			files = (
				F685725E6EE809DE096E365D /* Pods_TravelstartHW_TravelstartHWUITests.framework in Frameworks */,
			);
			runOnlyForDeploymentPostprocessing = 0;
		};
/* End PBXFrameworksBuildPhase section */

/* Begin PBXGroup section */
		20D432F80C121796628B91BF /* Pods */ = {
			isa = PBXGroup;
			children = (
				AC1D9368BCF4C52D1567B9A1 /* Pods-TravelstartHW.debug.xcconfig */,
				2E9F9591E1CD393BFB37CEE8 /* Pods-TravelstartHW.release.xcconfig */,
				DFA099034825F46B33F4AC08 /* Pods-TravelstartHW-TravelstartHWUITests.debug.xcconfig */,
				818EA8B972028096E95CF743 /* Pods-TravelstartHW-TravelstartHWUITests.release.xcconfig */,
				FCCB9F6920DB7D74BE11A483 /* Pods-TravelstartHWTests.debug.xcconfig */,
				A242E08AA4B36E70A0F7330E /* Pods-TravelstartHWTests.release.xcconfig */,
			);
			path = Pods;
			sourceTree = "<group>";
		};
		DB0546FB236AEAC500BCE512 = {
			isa = PBXGroup;
			children = (
				DB054706236AEAC500BCE512 /* TravelstartHW */,
				DB05471D236AEAC600BCE512 /* TravelstartHWTests */,
				DB054728236AEAC600BCE512 /* TravelstartHWUITests */,
				DB054705236AEAC500BCE512 /* Products */,
				20D432F80C121796628B91BF /* Pods */,
				FD27C43F71F6764BF51DE692 /* Frameworks */,
			);
			sourceTree = "<group>";
		};
		DB054705236AEAC500BCE512 /* Products */ = {
			isa = PBXGroup;
			children = (
				DB054704236AEAC500BCE512 /* TravelstartHW.app */,
				DB05471A236AEAC600BCE512 /* TravelstartHWTests.xctest */,
				DB054725236AEAC600BCE512 /* TravelstartHWUITests.xctest */,
			);
			name = Products;
			sourceTree = "<group>";
		};
		DB054706236AEAC500BCE512 /* TravelstartHW */ = {
			isa = PBXGroup;
			children = (
				DB507C7F236C24960058DB45 /* Resource */,
				DB507C7C236C21BE0058DB45 /* Extension */,
				DB507C73236C1E450058DB45 /* Model */,
				DB507C74236C1E550058DB45 /* Controller */,
				DB507C75236C1E650058DB45 /* View */,
				DB054709236AEAC500BCE512 /* SceneDelegate.swift */,
				DB054707236AEAC500BCE512 /* AppDelegate.swift */,
				DB054710236AEAC600BCE512 /* Assets.xcassets */,
				DB054712236AEAC600BCE512 /* LaunchScreen.storyboard */,
				DB054715236AEAC600BCE512 /* Info.plist */,
				DB507C8A236F0A490058DB45 /* Reachability.m */,
				DB507C89236F0A480058DB45 /* TravelstartHW-Bridging-Header.h */,
				DB507C8C236F0A520058DB45 /* Reachability.h */,
			);
			path = TravelstartHW;
			sourceTree = "<group>";
		};
		DB05471D236AEAC600BCE512 /* TravelstartHWTests */ = {
			isa = PBXGroup;
			children = (
				DB05471E236AEAC600BCE512 /* TravelstartHWTests.swift */,
				DB054720236AEAC600BCE512 /* Info.plist */,
			);
			path = TravelstartHWTests;
			sourceTree = "<group>";
		};
		DB054728236AEAC600BCE512 /* TravelstartHWUITests */ = {
			isa = PBXGroup;
			children = (
				DB054729236AEAC600BCE512 /* TravelstartHWUITests.swift */,
				DB05472B236AEAC600BCE512 /* Info.plist */,
			);
			path = TravelstartHWUITests;
			sourceTree = "<group>";
		};
		DB507C73236C1E450058DB45 /* Model */ = {
			isa = PBXGroup;
			children = (
				DB507C86236C37F40058DB45 /* Object */,
				DB507C83236C27A30058DB45 /* User */,
				DB507C7B236C20900058DB45 /* HTTP */,
			);
			name = Model;
			path = ..;
			sourceTree = "<group>";
		};
		DB507C74236C1E550058DB45 /* Controller */ = {
			isa = PBXGroup;
			children = (
				DB507C78236C1FB40058DB45 /* MainPageViewController.swift */,
			);
			path = Controller;
			sourceTree = "<group>";
		};
		DB507C75236C1E650058DB45 /* View */ = {
			isa = PBXGroup;
			children = (
				DB507C7A236C201B0058DB45 /* MainPage */,
			);
			path = View;
			sourceTree = "<group>";
		};
		DB507C7A236C201B0058DB45 /* MainPage */ = {
			isa = PBXGroup;
			children = (
				DB507C76236C1F8C0058DB45 /* Main.storyboard */,
				DB507C8D236FEAE40058DB45 /* TouristTableViewCell */,
			);
			path = MainPage;
			sourceTree = "<group>";
		};
		DB507C7B236C20900058DB45 /* HTTP */ = {
			isa = PBXGroup;
			children = (
				DB507C71236C1E3C0058DB45 /* HTTPClient.swift */,
			);
			path = HTTP;
			sourceTree = "<group>";
		};
		DB507C7C236C21BE0058DB45 /* Extension */ = {
			isa = PBXGroup;
			children = (
				DB507C7D236C21DE0058DB45 /* Bundel+Extension.swift */,
				DB507C92236FECA10058DB45 /* UITableView+Extension.swift */,
				DB507C94236FF4770058DB45 /* UIColor+Extension.swift */,
			);
			path = Extension;
			sourceTree = "<group>";
		};
		DB507C7F236C24960058DB45 /* Resource */ = {
			isa = PBXGroup;
			children = (
				DB507C80236C24C90058DB45 /* constant */,
			);
			path = Resource;
			sourceTree = "<group>";
		};
		DB507C80236C24C90058DB45 /* constant */ = {
			isa = PBXGroup;
			children = (
				DB507C81236C24DF0058DB45 /* TSConstant.swift */,
			);
			path = constant;
			sourceTree = "<group>";
		};
		DB507C83236C27A30058DB45 /* User */ = {
			isa = PBXGroup;
			children = (
				DB507C84236C27B60058DB45 /* UserRequest.swift */,
			);
			path = User;
			sourceTree = "<group>";
		};
		DB507C86236C37F40058DB45 /* Object */ = {
			isa = PBXGroup;
			children = (
				DB507C87236C38330058DB45 /* JSONObject.swift */,
			);
			path = Object;
			sourceTree = "<group>";
		};
		DB507C8D236FEAE40058DB45 /* TouristTableViewCell */ = {
			isa = PBXGroup;
			children = (
				DB507C90236FEB450058DB45 /* TouristTableViewCell.swift */,
				DB507C8E236FEB280058DB45 /* TouristTableViewCell.xib */,
				DB0343252371C5C000E40C9D /* TouristCollectionViewCell.swift */,
			);
			path = TouristTableViewCell;
			sourceTree = "<group>";
		};
		FD27C43F71F6764BF51DE692 /* Frameworks */ = {
			isa = PBXGroup;
			children = (
				EF3FEDEE3AA01B9F0FBCAE18 /* Pods_TravelstartHW.framework */,
				C9D7D873D82FDA789B92C7A9 /* Pods_TravelstartHW_TravelstartHWUITests.framework */,
				52A2BE60259425190036C1CE /* Pods_TravelstartHWTests.framework */,
			);
			name = Frameworks;
			sourceTree = "<group>";
		};
/* End PBXGroup section */

/* Begin PBXNativeTarget section */
		DB054703236AEAC500BCE512 /* TravelstartHW */ = {
			isa = PBXNativeTarget;
			buildConfigurationList = DB05472E236AEAC600BCE512 /* Build configuration list for PBXNativeTarget "TravelstartHW" */;
			buildPhases = (
				E60C3B4707226D89FB077A48 /* [CP] Check Pods Manifest.lock */,
				DB054700236AEAC500BCE512 /* Sources */,
				DB054701236AEAC500BCE512 /* Frameworks */,
				DB054702236AEAC500BCE512 /* Resources */,
				E2D757E69F9E09001EAF0D05 /* [CP] Embed Pods Frameworks */,
			);
			buildRules = (
			);
			dependencies = (
			);
			name = TravelstartHW;
			productName = TravelstartHW;
			productReference = DB054704236AEAC500BCE512 /* TravelstartHW.app */;
			productType = "com.apple.product-type.application";
		};
		DB054719236AEAC600BCE512 /* TravelstartHWTests */ = {
			isa = PBXNativeTarget;
			buildConfigurationList = DB054731236AEAC600BCE512 /* Build configuration list for PBXNativeTarget "TravelstartHWTests" */;
			buildPhases = (
				B1CF825C7AB935C281A0B2F8 /* [CP] Check Pods Manifest.lock */,
				DB054716236AEAC600BCE512 /* Sources */,
				DB054717236AEAC600BCE512 /* Frameworks */,
				DB054718236AEAC600BCE512 /* Resources */,
			);
			buildRules = (
			);
			dependencies = (
				DB05471C236AEAC600BCE512 /* PBXTargetDependency */,
			);
			name = TravelstartHWTests;
			productName = TravelstartHWTests;
			productReference = DB05471A236AEAC600BCE512 /* TravelstartHWTests.xctest */;
			productType = "com.apple.product-type.bundle.unit-test";
		};
		DB054724236AEAC600BCE512 /* TravelstartHWUITests */ = {
			isa = PBXNativeTarget;
			buildConfigurationList = DB054734236AEAC600BCE512 /* Build configuration list for PBXNativeTarget "TravelstartHWUITests" */;
			buildPhases = (
				5C90944F4D480EB9CA173DDB /* [CP] Check Pods Manifest.lock */,
				DB054721236AEAC600BCE512 /* Sources */,
				DB054722236AEAC600BCE512 /* Frameworks */,
				DB054723236AEAC600BCE512 /* Resources */,
				545CE76F3B4DECDCDE0DB64E /* [CP] Embed Pods Frameworks */,
			);
			buildRules = (
			);
			dependencies = (
				DB054727236AEAC600BCE512 /* PBXTargetDependency */,
			);
			name = TravelstartHWUITests;
			productName = TravelstartHWUITests;
			productReference = DB054725236AEAC600BCE512 /* TravelstartHWUITests.xctest */;
			productType = "com.apple.product-type.bundle.ui-testing";
		};
/* End PBXNativeTarget section */

/* Begin PBXProject section */
		DB0546FC236AEAC500BCE512 /* Project object */ = {
			isa = PBXProject;
			attributes = {
				LastSwiftUpdateCheck = 1100;
				LastUpgradeCheck = 1100;
				ORGANIZATIONNAME = "ting hui wu";
				TargetAttributes = {
					DB054703236AEAC500BCE512 = {
						CreatedOnToolsVersion = 11.0;
						LastSwiftMigration = 1100;
					};
					DB054719236AEAC600BCE512 = {
						CreatedOnToolsVersion = 11.0;
						TestTargetID = DB054703236AEAC500BCE512;
					};
					DB054724236AEAC600BCE512 = {
						CreatedOnToolsVersion = 11.0;
						TestTargetID = DB054703236AEAC500BCE512;
					};
				};
			};
			buildConfigurationList = DB0546FF236AEAC500BCE512 /* Build configuration list for PBXProject "TravelstartHW" */;
			compatibilityVersion = "Xcode 9.3";
			developmentRegion = en;
			hasScannedForEncodings = 0;
			knownRegions = (
				en,
				Base,
			);
			mainGroup = DB0546FB236AEAC500BCE512;
			productRefGroup = DB054705236AEAC500BCE512 /* Products */;
			projectDirPath = "";
			projectRoot = "";
			targets = (
				DB054703236AEAC500BCE512 /* TravelstartHW */,
				DB054719236AEAC600BCE512 /* TravelstartHWTests */,
				DB054724236AEAC600BCE512 /* TravelstartHWUITests */,
			);
		};
/* End PBXProject section */

/* Begin PBXResourcesBuildPhase section */
		DB054702236AEAC500BCE512 /* Resources */ = {
			isa = PBXResourcesBuildPhase;
			buildActionMask = 2147483647;
			files = (
				DB507C77236C1F8C0058DB45 /* Main.storyboard in Resources */,
				DB054714236AEAC600BCE512 /* LaunchScreen.storyboard in Resources */,
				DB507C8F236FEB280058DB45 /* TouristTableViewCell.xib in Resources */,
				DB054711236AEAC600BCE512 /* Assets.xcassets in Resources */,
			);
			runOnlyForDeploymentPostprocessing = 0;
		};
		DB054718236AEAC600BCE512 /* Resources */ = {
			isa = PBXResourcesBuildPhase;
			buildActionMask = 2147483647;
			files = (
			);
			runOnlyForDeploymentPostprocessing = 0;
		};
		DB054723236AEAC600BCE512 /* Resources */ = {
			isa = PBXResourcesBuildPhase;
			buildActionMask = 2147483647;
			files = (
			);
			runOnlyForDeploymentPostprocessing = 0;
		};
/* End PBXResourcesBuildPhase section */

/* Begin PBXShellScriptBuildPhase section */
		545CE76F3B4DECDCDE0DB64E /* [CP] Embed Pods Frameworks */ = {
			isa = PBXShellScriptBuildPhase;
			buildActionMask = 2147483647;
			files = (
			);
			inputFileListPaths = (
				"${PODS_ROOT}/Target Support Files/Pods-TravelstartHW-TravelstartHWUITests/Pods-TravelstartHW-TravelstartHWUITests-frameworks-${CONFIGURATION}-input-files.xcfilelist",
			);
			name = "[CP] Embed Pods Frameworks";
			outputFileListPaths = (
				"${PODS_ROOT}/Target Support Files/Pods-TravelstartHW-TravelstartHWUITests/Pods-TravelstartHW-TravelstartHWUITests-frameworks-${CONFIGURATION}-output-files.xcfilelist",
			);
			runOnlyForDeploymentPostprocessing = 0;
			shellPath = /bin/sh;
			shellScript = "\"${PODS_ROOT}/Target Support Files/Pods-TravelstartHW-TravelstartHWUITests/Pods-TravelstartHW-TravelstartHWUITests-frameworks.sh\"\n";
			showEnvVarsInLog = 0;
		};
		5C90944F4D480EB9CA173DDB /* [CP] Check Pods Manifest.lock */ = {
			isa = PBXShellScriptBuildPhase;
			buildActionMask = 2147483647;
			files = (
			);
			inputFileListPaths = (
			);
			inputPaths = (
				"${PODS_PODFILE_DIR_PATH}/Podfile.lock",
				"${PODS_ROOT}/Manifest.lock",
			);
			name = "[CP] Check Pods Manifest.lock";
			outputFileListPaths = (
			);
			outputPaths = (
				"$(DERIVED_FILE_DIR)/Pods-TravelstartHW-TravelstartHWUITests-checkManifestLockResult.txt",
			);
			runOnlyForDeploymentPostprocessing = 0;
			shellPath = /bin/sh;
			shellScript = "diff \"${PODS_PODFILE_DIR_PATH}/Podfile.lock\" \"${PODS_ROOT}/Manifest.lock\" > /dev/null\nif [ $? != 0 ] ; then\n    # print error to STDERR\n    echo \"error: The sandbox is not in sync with the Podfile.lock. Run 'pod install' or update your CocoaPods installation.\" >&2\n    exit 1\nfi\n# This output is used by Xcode 'outputs' to avoid re-running this script phase.\necho \"SUCCESS\" > \"${SCRIPT_OUTPUT_FILE_0}\"\n";
			showEnvVarsInLog = 0;
		};
		B1CF825C7AB935C281A0B2F8 /* [CP] Check Pods Manifest.lock */ = {
			isa = PBXShellScriptBuildPhase;
			buildActionMask = 2147483647;
			files = (
			);
			inputFileListPaths = (
			);
			inputPaths = (
				"${PODS_PODFILE_DIR_PATH}/Podfile.lock",
				"${PODS_ROOT}/Manifest.lock",
			);
			name = "[CP] Check Pods Manifest.lock";
			outputFileListPaths = (
			);
			outputPaths = (
				"$(DERIVED_FILE_DIR)/Pods-TravelstartHWTests-checkManifestLockResult.txt",
			);
			runOnlyForDeploymentPostprocessing = 0;
			shellPath = /bin/sh;
			shellScript = "diff \"${PODS_PODFILE_DIR_PATH}/Podfile.lock\" \"${PODS_ROOT}/Manifest.lock\" > /dev/null\nif [ $? != 0 ] ; then\n    # print error to STDERR\n    echo \"error: The sandbox is not in sync with the Podfile.lock. Run 'pod install' or update your CocoaPods installation.\" >&2\n    exit 1\nfi\n# This output is used by Xcode 'outputs' to avoid re-running this script phase.\necho \"SUCCESS\" > \"${SCRIPT_OUTPUT_FILE_0}\"\n";
			showEnvVarsInLog = 0;
		};
		E2D757E69F9E09001EAF0D05 /* [CP] Embed Pods Frameworks */ = {
			isa = PBXShellScriptBuildPhase;
			buildActionMask = 2147483647;
			files = (
			);
			inputFileListPaths = (
				"${PODS_ROOT}/Target Support Files/Pods-TravelstartHW/Pods-TravelstartHW-frameworks-${CONFIGURATION}-input-files.xcfilelist",
			);
			name = "[CP] Embed Pods Frameworks";
			outputFileListPaths = (
				"${PODS_ROOT}/Target Support Files/Pods-TravelstartHW/Pods-TravelstartHW-frameworks-${CONFIGURATION}-output-files.xcfilelist",
			);
			runOnlyForDeploymentPostprocessing = 0;
			shellPath = /bin/sh;
			shellScript = "\"${PODS_ROOT}/Target Support Files/Pods-TravelstartHW/Pods-TravelstartHW-frameworks.sh\"\n";
			showEnvVarsInLog = 0;
		};
		E60C3B4707226D89FB077A48 /* [CP] Check Pods Manifest.lock */ = {
			isa = PBXShellScriptBuildPhase;
			buildActionMask = 2147483647;
			files = (
			);
			inputFileListPaths = (
			);
			inputPaths = (
				"${PODS_PODFILE_DIR_PATH}/Podfile.lock",
				"${PODS_ROOT}/Manifest.lock",
			);
			name = "[CP] Check Pods Manifest.lock";
			outputFileListPaths = (
			);
			outputPaths = (
				"$(DERIVED_FILE_DIR)/Pods-TravelstartHW-checkManifestLockResult.txt",
			);
			runOnlyForDeploymentPostprocessing = 0;
			shellPath = /bin/sh;
			shellScript = "diff \"${PODS_PODFILE_DIR_PATH}/Podfile.lock\" \"${PODS_ROOT}/Manifest.lock\" > /dev/null\nif [ $? != 0 ] ; then\n    # print error to STDERR\n    echo \"error: The sandbox is not in sync with the Podfile.lock. Run 'pod install' or update your CocoaPods installation.\" >&2\n    exit 1\nfi\n# This output is used by Xcode 'outputs' to avoid re-running this script phase.\necho \"SUCCESS\" > \"${SCRIPT_OUTPUT_FILE_0}\"\n";
			showEnvVarsInLog = 0;
		};
/* End PBXShellScriptBuildPhase section */

/* Begin PBXSourcesBuildPhase section */
		DB054700236AEAC500BCE512 /* Sources */ = {
			isa = PBXSourcesBuildPhase;
			buildActionMask = 2147483647;
			files = (
				DB507C93236FECA10058DB45 /* UITableView+Extension.swift in Sources */,
				DB507C79236C1FB40058DB45 /* MainPageViewController.swift in Sources */,
				DB054708236AEAC500BCE512 /* AppDelegate.swift in Sources */,
				DB507C95236FF4770058DB45 /* UIColor+Extension.swift in Sources */,
				DB507C91236FEB450058DB45 /* TouristTableViewCell.swift in Sources */,
				DB507C72236C1E3C0058DB45 /* HTTPClient.swift in Sources */,
				DB05470A236AEAC500BCE512 /* SceneDelegate.swift in Sources */,
				DB507C88236C38330058DB45 /* JSONObject.swift in Sources */,
				DB507C82236C24DF0058DB45 /* TSConstant.swift in Sources */,
				DB507C7E236C21DE0058DB45 /* Bundel+Extension.swift in Sources */,
				DB507C8B236F0A490058DB45 /* Reachability.m in Sources */,
				DB507C85236C27B60058DB45 /* UserRequest.swift in Sources */,
				DB0343262371C5C000E40C9D /* TouristCollectionViewCell.swift in Sources */,
			);
			runOnlyForDeploymentPostprocessing = 0;
		};
		DB054716236AEAC600BCE512 /* Sources */ = {
			isa = PBXSourcesBuildPhase;
			buildActionMask = 2147483647;
			files = (
				DB05471F236AEAC600BCE512 /* TravelstartHWTests.swift in Sources */,
			);
			runOnlyForDeploymentPostprocessing = 0;
		};
		DB054721236AEAC600BCE512 /* Sources */ = {
			isa = PBXSourcesBuildPhase;
			buildActionMask = 2147483647;
			files = (
				DB05472A236AEAC600BCE512 /* TravelstartHWUITests.swift in Sources */,
			);
			runOnlyForDeploymentPostprocessing = 0;
		};
/* End PBXSourcesBuildPhase section */

/* Begin PBXTargetDependency section */
		DB05471C236AEAC600BCE512 /* PBXTargetDependency */ = {
			isa = PBXTargetDependency;
			target = DB054703236AEAC500BCE512 /* TravelstartHW */;
			targetProxy = DB05471B236AEAC600BCE512 /* PBXContainerItemProxy */;
		};
		DB054727236AEAC600BCE512 /* PBXTargetDependency */ = {
			isa = PBXTargetDependency;
			target = DB054703236AEAC500BCE512 /* TravelstartHW */;
			targetProxy = DB054726236AEAC600BCE512 /* PBXContainerItemProxy */;
		};
/* End PBXTargetDependency section */

/* Begin PBXVariantGroup section */
		DB054712236AEAC600BCE512 /* LaunchScreen.storyboard */ = {
			isa = PBXVariantGroup;
			children = (
				DB054713236AEAC600BCE512 /* Base */,
			);
			name = LaunchScreen.storyboard;
			sourceTree = "<group>";
		};
/* End PBXVariantGroup section */

/* Begin XCBuildConfiguration section */
		DB05472C236AEAC600BCE512 /* Debug */ = {
			isa = XCBuildConfiguration;
			buildSettings = {
				ALWAYS_SEARCH_USER_PATHS = NO;
				CLANG_ANALYZER_NONNULL = YES;
				CLANG_ANALYZER_NUMBER_OBJECT_CONVERSION = YES_AGGRESSIVE;
				CLANG_CXX_LANGUAGE_STANDARD = "gnu++14";
				CLANG_CXX_LIBRARY = "libc++";
				CLANG_ENABLE_MODULES = YES;
				CLANG_ENABLE_OBJC_ARC = YES;
				CLANG_ENABLE_OBJC_WEAK = YES;
				CLANG_WARN_BLOCK_CAPTURE_AUTORELEASING = YES;
				CLANG_WARN_BOOL_CONVERSION = YES;
				CLANG_WARN_COMMA = YES;
				CLANG_WARN_CONSTANT_CONVERSION = YES;
				CLANG_WARN_DEPRECATED_OBJC_IMPLEMENTATIONS = YES;
				CLANG_WARN_DIRECT_OBJC_ISA_USAGE = YES_ERROR;
				CLANG_WARN_DOCUMENTATION_COMMENTS = YES;
				CLANG_WARN_EMPTY_BODY = YES;
				CLANG_WARN_ENUM_CONVERSION = YES;
				CLANG_WARN_INFINITE_RECURSION = YES;
				CLANG_WARN_INT_CONVERSION = YES;
				CLANG_WARN_NON_LITERAL_NULL_CONVERSION = YES;
				CLANG_WARN_OBJC_IMPLICIT_RETAIN_SELF = YES;
				CLANG_WARN_OBJC_LITERAL_CONVERSION = YES;
				CLANG_WARN_OBJC_ROOT_CLASS = YES_ERROR;
				CLANG_WARN_RANGE_LOOP_ANALYSIS = YES;
				CLANG_WARN_STRICT_PROTOTYPES = YES;
				CLANG_WARN_SUSPICIOUS_MOVE = YES;
				CLANG_WARN_UNGUARDED_AVAILABILITY = YES_AGGRESSIVE;
				CLANG_WARN_UNREACHABLE_CODE = YES;
				CLANG_WARN__DUPLICATE_METHOD_MATCH = YES;
				COPY_PHASE_STRIP = NO;
				DEBUG_INFORMATION_FORMAT = dwarf;
				ENABLE_STRICT_OBJC_MSGSEND = YES;
				ENABLE_TESTABILITY = YES;
				GCC_C_LANGUAGE_STANDARD = gnu11;
				GCC_DYNAMIC_NO_PIC = NO;
				GCC_NO_COMMON_BLOCKS = YES;
				GCC_OPTIMIZATION_LEVEL = 0;
				GCC_PREPROCESSOR_DEFINITIONS = (
					"DEBUG=1",
					"$(inherited)",
				);
				GCC_WARN_64_TO_32_BIT_CONVERSION = YES;
				GCC_WARN_ABOUT_RETURN_TYPE = YES_ERROR;
				GCC_WARN_UNDECLARED_SELECTOR = YES;
				GCC_WARN_UNINITIALIZED_AUTOS = YES_AGGRESSIVE;
				GCC_WARN_UNUSED_FUNCTION = YES;
				GCC_WARN_UNUSED_VARIABLE = YES;
				IPHONEOS_DEPLOYMENT_TARGET = 13.0;
				MTL_ENABLE_DEBUG_INFO = INCLUDE_SOURCE;
				MTL_FAST_MATH = YES;
				ONLY_ACTIVE_ARCH = YES;
				SDKROOT = iphoneos;
				SWIFT_ACTIVE_COMPILATION_CONDITIONS = DEBUG;
				SWIFT_OPTIMIZATION_LEVEL = "-Onone";
			};
			name = Debug;
		};
		DB05472D236AEAC600BCE512 /* Release */ = {
			isa = XCBuildConfiguration;
			buildSettings = {
				ALWAYS_SEARCH_USER_PATHS = NO;
				CLANG_ANALYZER_NONNULL = YES;
				CLANG_ANALYZER_NUMBER_OBJECT_CONVERSION = YES_AGGRESSIVE;
				CLANG_CXX_LANGUAGE_STANDARD = "gnu++14";
				CLANG_CXX_LIBRARY = "libc++";
				CLANG_ENABLE_MODULES = YES;
				CLANG_ENABLE_OBJC_ARC = YES;
				CLANG_ENABLE_OBJC_WEAK = YES;
				CLANG_WARN_BLOCK_CAPTURE_AUTORELEASING = YES;
				CLANG_WARN_BOOL_CONVERSION = YES;
				CLANG_WARN_COMMA = YES;
				CLANG_WARN_CONSTANT_CONVERSION = YES;
				CLANG_WARN_DEPRECATED_OBJC_IMPLEMENTATIONS = YES;
				CLANG_WARN_DIRECT_OBJC_ISA_USAGE = YES_ERROR;
				CLANG_WARN_DOCUMENTATION_COMMENTS = YES;
				CLANG_WARN_EMPTY_BODY = YES;
				CLANG_WARN_ENUM_CONVERSION = YES;
				CLANG_WARN_INFINITE_RECURSION = YES;
				CLANG_WARN_INT_CONVERSION = YES;
				CLANG_WARN_NON_LITERAL_NULL_CONVERSION = YES;
				CLANG_WARN_OBJC_IMPLICIT_RETAIN_SELF = YES;
				CLANG_WARN_OBJC_LITERAL_CONVERSION = YES;
				CLANG_WARN_OBJC_ROOT_CLASS = YES_ERROR;
				CLANG_WARN_RANGE_LOOP_ANALYSIS = YES;
				CLANG_WARN_STRICT_PROTOTYPES = YES;
				CLANG_WARN_SUSPICIOUS_MOVE = YES;
				CLANG_WARN_UNGUARDED_AVAILABILITY = YES_AGGRESSIVE;
				CLANG_WARN_UNREACHABLE_CODE = YES;
				CLANG_WARN__DUPLICATE_METHOD_MATCH = YES;
				COPY_PHASE_STRIP = NO;
				DEBUG_INFORMATION_FORMAT = "dwarf-with-dsym";
				ENABLE_NS_ASSERTIONS = NO;
				ENABLE_STRICT_OBJC_MSGSEND = YES;
				GCC_C_LANGUAGE_STANDARD = gnu11;
				GCC_NO_COMMON_BLOCKS = YES;
				GCC_WARN_64_TO_32_BIT_CONVERSION = YES;
				GCC_WARN_ABOUT_RETURN_TYPE = YES_ERROR;
				GCC_WARN_UNDECLARED_SELECTOR = YES;
				GCC_WARN_UNINITIALIZED_AUTOS = YES_AGGRESSIVE;
				GCC_WARN_UNUSED_FUNCTION = YES;
				GCC_WARN_UNUSED_VARIABLE = YES;
				IPHONEOS_DEPLOYMENT_TARGET = 13.0;
				MTL_ENABLE_DEBUG_INFO = NO;
				MTL_FAST_MATH = YES;
				SDKROOT = iphoneos;
				SWIFT_COMPILATION_MODE = wholemodule;
				SWIFT_OPTIMIZATION_LEVEL = "-O";
				VALIDATE_PRODUCT = YES;
			};
			name = Release;
		};
		DB05472F236AEAC600BCE512 /* Debug */ = {
			isa = XCBuildConfiguration;
			baseConfigurationReference = AC1D9368BCF4C52D1567B9A1 /* Pods-TravelstartHW.debug.xcconfig */;
			buildSettings = {
				ASSETCATALOG_COMPILER_APPICON_NAME = AppIcon;
				CLANG_ENABLE_MODULES = YES;
				CODE_SIGN_STYLE = Automatic;
				DEVELOPMENT_TEAM = R8WVK7NKZV;
				INFOPLIST_FILE = TravelstartHW/Info.plist;
				LD_RUNPATH_SEARCH_PATHS = (
					"$(inherited)",
					"@executable_path/Frameworks",
				);
				PRODUCT_BUNDLE_IDENTIFIER = Holadddd.TravelstartHW;
				PRODUCT_NAME = "$(TARGET_NAME)";
				SWIFT_OBJC_BRIDGING_HEADER = "TravelstartHW/TravelstartHW-Bridging-Header.h";
				SWIFT_OPTIMIZATION_LEVEL = "-Onone";
				SWIFT_VERSION = 5.0;
				TARGETED_DEVICE_FAMILY = 1;
			};
			name = Debug;
		};
		DB054730236AEAC600BCE512 /* Release */ = {
			isa = XCBuildConfiguration;
			baseConfigurationReference = 2E9F9591E1CD393BFB37CEE8 /* Pods-TravelstartHW.release.xcconfig */;
			buildSettings = {
				ASSETCATALOG_COMPILER_APPICON_NAME = AppIcon;
				CLANG_ENABLE_MODULES = YES;
				CODE_SIGN_STYLE = Automatic;
				DEVELOPMENT_TEAM = R8WVK7NKZV;
				INFOPLIST_FILE = TravelstartHW/Info.plist;
				LD_RUNPATH_SEARCH_PATHS = (
					"$(inherited)",
					"@executable_path/Frameworks",
				);
				PRODUCT_BUNDLE_IDENTIFIER = Holadddd.TravelstartHW;
				PRODUCT_NAME = "$(TARGET_NAME)";
				SWIFT_OBJC_BRIDGING_HEADER = "TravelstartHW/TravelstartHW-Bridging-Header.h";
				SWIFT_VERSION = 5.0;
				TARGETED_DEVICE_FAMILY = 1;
			};
			name = Release;
		};
		DB054732236AEAC600BCE512 /* Debug */ = {
			isa = XCBuildConfiguration;
			baseConfigurationReference = FCCB9F6920DB7D74BE11A483 /* Pods-TravelstartHWTests.debug.xcconfig */;
			buildSettings = {
				ALWAYS_EMBED_SWIFT_STANDARD_LIBRARIES = YES;
				BUNDLE_LOADER = "$(TEST_HOST)";
				CODE_SIGN_STYLE = Automatic;
				DEVELOPMENT_TEAM = R8WVK7NKZV;
				INFOPLIST_FILE = TravelstartHWTests/Info.plist;
				IPHONEOS_DEPLOYMENT_TARGET = 13.0;
				LD_RUNPATH_SEARCH_PATHS = (
					"$(inherited)",
					"@executable_path/Frameworks",
					"@loader_path/Frameworks",
				);
				PRODUCT_BUNDLE_IDENTIFIER = Holadddd.TravelstartHWTests;
				PRODUCT_NAME = "$(TARGET_NAME)";
				SWIFT_VERSION = 5.0;
				TARGETED_DEVICE_FAMILY = "1,2";
				TEST_HOST = "$(BUILT_PRODUCTS_DIR)/TravelstartHW.app/TravelstartHW";
			};
			name = Debug;
		};
		DB054733236AEAC600BCE512 /* Release */ = {
			isa = XCBuildConfiguration;
			baseConfigurationReference = A242E08AA4B36E70A0F7330E /* Pods-TravelstartHWTests.release.xcconfig */;
			buildSettings = {
				ALWAYS_EMBED_SWIFT_STANDARD_LIBRARIES = YES;
				BUNDLE_LOADER = "$(TEST_HOST)";
				CODE_SIGN_STYLE = Automatic;
				DEVELOPMENT_TEAM = R8WVK7NKZV;
				INFOPLIST_FILE = TravelstartHWTests/Info.plist;
				IPHONEOS_DEPLOYMENT_TARGET = 13.0;
				LD_RUNPATH_SEARCH_PATHS = (
					"$(inherited)",
					"@executable_path/Frameworks",
					"@loader_path/Frameworks",
				);
				PRODUCT_BUNDLE_IDENTIFIER = Holadddd.TravelstartHWTests;
				PRODUCT_NAME = "$(TARGET_NAME)";
				SWIFT_VERSION = 5.0;
				TARGETED_DEVICE_FAMILY = "1,2";
				TEST_HOST = "$(BUILT_PRODUCTS_DIR)/TravelstartHW.app/TravelstartHW";
			};
			name = Release;
		};
		DB054735236AEAC600BCE512 /* Debug */ = {
			isa = XCBuildConfiguration;
			baseConfigurationReference = DFA099034825F46B33F4AC08 /* Pods-TravelstartHW-TravelstartHWUITests.debug.xcconfig */;
			buildSettings = {
				ALWAYS_EMBED_SWIFT_STANDARD_LIBRARIES = YES;
				CODE_SIGN_STYLE = Automatic;
				DEVELOPMENT_TEAM = R8WVK7NKZV;
				INFOPLIST_FILE = TravelstartHWUITests/Info.plist;
				LD_RUNPATH_SEARCH_PATHS = (
					"$(inherited)",
					"@executable_path/Frameworks",
					"@loader_path/Frameworks",
				);
				PRODUCT_BUNDLE_IDENTIFIER = Holadddd.TravelstartHWUITests;
				PRODUCT_NAME = "$(TARGET_NAME)";
				SWIFT_VERSION = 5.0;
				TARGETED_DEVICE_FAMILY = "1,2";
				TEST_TARGET_NAME = TravelstartHW;
			};
			name = Debug;
		};
		DB054736236AEAC600BCE512 /* Release */ = {
			isa = XCBuildConfiguration;
			baseConfigurationReference = 818EA8B972028096E95CF743 /* Pods-TravelstartHW-TravelstartHWUITests.release.xcconfig */;
			buildSettings = {
				ALWAYS_EMBED_SWIFT_STANDARD_LIBRARIES = YES;
				CODE_SIGN_STYLE = Automatic;
				DEVELOPMENT_TEAM = R8WVK7NKZV;
				INFOPLIST_FILE = TravelstartHWUITests/Info.plist;
				LD_RUNPATH_SEARCH_PATHS = (
					"$(inherited)",
					"@executable_path/Frameworks",
					"@loader_path/Frameworks",
				);
				PRODUCT_BUNDLE_IDENTIFIER = Holadddd.TravelstartHWUITests;
				PRODUCT_NAME = "$(TARGET_NAME)";
				SWIFT_VERSION = 5.0;
				TARGETED_DEVICE_FAMILY = "1,2";
				TEST_TARGET_NAME = TravelstartHW;
			};
			name = Release;
		};
/* End XCBuildConfiguration section */

/* Begin XCConfigurationList section */
		DB0546FF236AEAC500BCE512 /* Build configuration list for PBXProject "TravelstartHW" */ = {
			isa = XCConfigurationList;
			buildConfigurations = (
				DB05472C236AEAC600BCE512 /* Debug */,
				DB05472D236AEAC600BCE512 /* Release */,
			);
			defaultConfigurationIsVisible = 0;
			defaultConfigurationName = Release;
		};
		DB05472E236AEAC600BCE512 /* Build configuration list for PBXNativeTarget "TravelstartHW" */ = {
			isa = XCConfigurationList;
			buildConfigurations = (
				DB05472F236AEAC600BCE512 /* Debug */,
				DB054730236AEAC600BCE512 /* Release */,
			);
			defaultConfigurationIsVisible = 0;
			defaultConfigurationName = Release;
		};
		DB054731236AEAC600BCE512 /* Build configuration list for PBXNativeTarget "TravelstartHWTests" */ = {
			isa = XCConfigurationList;
			buildConfigurations = (
				DB054732236AEAC600BCE512 /* Debug */,
				DB054733236AEAC600BCE512 /* Release */,
			);
			defaultConfigurationIsVisible = 0;
			defaultConfigurationName = Release;
		};
		DB054734236AEAC600BCE512 /* Build configuration list for PBXNativeTarget "TravelstartHWUITests" */ = {
			isa = XCConfigurationList;
			buildConfigurations = (
				DB054735236AEAC600BCE512 /* Debug */,
				DB054736236AEAC600BCE512 /* Release */,
			);
			defaultConfigurationIsVisible = 0;
			defaultConfigurationName = Release;
		};
/* End XCConfigurationList section */
	};
	rootObject = DB0546FC236AEAC500BCE512 /* Project object */;
}
